
Microsoft Visual Studio Solution File, Format Version 12.00
# Visual Studio Version 17
VisualStudioVersion = 17.7.34031.279
MinimumVisualStudioVersion = 10.0.40219.1
Project("{9A19103F-16F7-4668-BE54-9A1E7A4F7556}") = "SkateAppWeb", "SkateAppWeb\SkateAppWeb.csproj", "{EFF898E3-BCFB-45B3-B811-70C3C95B927B}"
EndProject
Project("{9A19103F-16F7-4668-BE54-9A1E7A4F7556}") = "SkateWebApp.Infrastructure", "SkateWebApp.Infrastructure\SkateWebApp.Infrastructure.csproj", "{CA370263-2CBA-4B5D-8AB8-E97F7022E88A}"
EndProject
Project("{FAE04EC0-301F-11D3-BF4B-00C04F79EFBC}") = "SkateAppWeb.Core", "SkateAppWeb.Core\SkateAppWeb.Core.csproj", "{FE0844AB-3933-4157-AF85-4740AD2AB7B0}"
EndProject
Global
	GlobalSection(SolutionConfigurationPlatforms) = preSolution
		Debug|Any CPU = Debug|Any CPU
		Release|Any CPU = Release|Any CPU
	EndGlobalSection
	GlobalSection(ProjectConfigurationPlatforms) = postSolution
		{EFF898E3-BCFB-45B3-B811-70C3C95B927B}.Debug|Any CPU.ActiveCfg = Debug|Any CPU
		{EFF898E3-BCFB-45B3-B811-70C3C95B927B}.Debug|Any CPU.Build.0 = Debug|Any CPU
		{EFF898E3-BCFB-45B3-B811-70C3C95B927B}.Release|Any CPU.ActiveCfg = Release|Any CPU
		{EFF898E3-BCFB-45B3-B811-70C3C95B927B}.Release|Any CPU.Build.0 = Release|Any CPU
		{CA370263-2CBA-4B5D-8AB8-E97F7022E88A}.Debug|Any CPU.ActiveCfg = Debug|Any CPU
		{CA370263-2CBA-4B5D-8AB8-E97F7022E88A}.Debug|Any CPU.Build.0 = Debug|Any CPU
		{CA370263-2CBA-4B5D-8AB8-E97F7022E88A}.Release|Any CPU.ActiveCfg = Release|Any CPU
		{CA370263-2CBA-4B5D-8AB8-E97F7022E88A}.Release|Any CPU.Build.0 = Release|Any CPU
		{FE0844AB-3933-4157-AF85-4740AD2AB7B0}.Debug|Any CPU.ActiveCfg = Debug|Any CPU
		{FE0844AB-3933-4157-AF85-4740AD2AB7B0}.Debug|Any CPU.Build.0 = Debug|Any CPU
		{FE0844AB-3933-4157-AF85-4740AD2AB7B0}.Release|Any CPU.ActiveCfg = Release|Any CPU
		{FE0844AB-3933-4157-AF85-4740AD2AB7B0}.Release|Any CPU.Build.0 = Release|Any CPU
	EndGlobalSection
	GlobalSection(SolutionProperties) = preSolution
		HideSolutionNode = FALSE
	EndGlobalSection
	GlobalSection(ExtensibilityGlobals) = postSolution
		SolutionGuid = {D3B578A1-E948-434B-AF82-14B7B197521B}
	EndGlobalSection
EndGlobal
