
Microsoft Visual Studio Solution File, Format Version 12.00
# Visual Studio Version 17
VisualStudioVersion = 17.6.33829.357
MinimumVisualStudioVersion = 10.0.40219.1
Project("{9A19103F-16F7-4668-BE54-9A1E7A4F7556}") = "WebShopApp", "WebShopApp\WebShopApp.csproj", "{A41E74A5-2E71-47EC-A00B-4C3C20E5BBA4}"
EndProject
Project("{9A19103F-16F7-4668-BE54-9A1E7A4F7556}") = "WebShopApp.Infrastructure", "WebShopApp.Infrastructure\WebShopApp.Infrastructure.csproj", "{1B824AE0-8E11-4BB0-A236-B781B5AFF049}"
EndProject
Project("{FAE04EC0-301F-11D3-BF4B-00C04F79EFBC}") = "WebShopApp.Core", "WebShopApp.Core\WebShopApp.Core.csproj", "{0FDB8553-9880-4FA1-8892-2CB3D2AC7628}"
EndProject
Global
	GlobalSection(SolutionConfigurationPlatforms) = preSolution
		Debug|Any CPU = Debug|Any CPU
		Release|Any CPU = Release|Any CPU
	EndGlobalSection
	GlobalSection(ProjectConfigurationPlatforms) = postSolution
		{A41E74A5-2E71-47EC-A00B-4C3C20E5BBA4}.Debug|Any CPU.ActiveCfg = Debug|Any CPU
		{A41E74A5-2E71-47EC-A00B-4C3C20E5BBA4}.Debug|Any CPU.Build.0 = Debug|Any CPU
		{A41E74A5-2E71-47EC-A00B-4C3C20E5BBA4}.Release|Any CPU.ActiveCfg = Release|Any CPU
		{A41E74A5-2E71-47EC-A00B-4C3C20E5BBA4}.Release|Any CPU.Build.0 = Release|Any CPU
		{1B824AE0-8E11-4BB0-A236-B781B5AFF049}.Debug|Any CPU.ActiveCfg = Debug|Any CPU
		{1B824AE0-8E11-4BB0-A236-B781B5AFF049}.Debug|Any CPU.Build.0 = Debug|Any CPU
		{1B824AE0-8E11-4BB0-A236-B781B5AFF049}.Release|Any CPU.ActiveCfg = Release|Any CPU
		{1B824AE0-8E11-4BB0-A236-B781B5AFF049}.Release|Any CPU.Build.0 = Release|Any CPU
		{0FDB8553-9880-4FA1-8892-2CB3D2AC7628}.Debug|Any CPU.ActiveCfg = Debug|Any CPU
		{0FDB8553-9880-4FA1-8892-2CB3D2AC7628}.Debug|Any CPU.Build.0 = Debug|Any CPU
		{0FDB8553-9880-4FA1-8892-2CB3D2AC7628}.Release|Any CPU.ActiveCfg = Release|Any CPU
		{0FDB8553-9880-4FA1-8892-2CB3D2AC7628}.Release|Any CPU.Build.0 = Release|Any CPU
	EndGlobalSection
	GlobalSection(SolutionProperties) = preSolution
		HideSolutionNode = FALSE
	EndGlobalSection
	GlobalSection(ExtensibilityGlobals) = postSolution
		SolutionGuid = {D435B254-A372-4CCC-94CF-E224A83B6003}
	EndGlobalSection
EndGlobal
